
Microsoft Visual Studio Solution File, Format Version 12.00
# Visual Studio Version 17
VisualStudioVersion = 17.8.34511.84
MinimumVisualStudioVersion = 10.0.40219.1
Project("{FAE04EC0-301F-11D3-BF4B-00C04F79EFBC}") = "FinanceManagement.API", "FinanceManagement.API\FinanceManagement.API.csproj", "{267433B5-EC26-4038-A1D5-15E5F5C42A3E}"
EndProject
Project("{FAE04EC0-301F-11D3-BF4B-00C04F79EFBC}") = "FinanceManagement.DATA", "FinanceManagement.DATA\FinanceManagement.DATA.csproj", "{1665CDE3-E9FC-4E6D-8ADB-02431F713EB8}"
EndProject
Project("{FAE04EC0-301F-11D3-BF4B-00C04F79EFBC}") = "FinanceManagement.DOMAIN", "FinanceManagement.DOMAIN\FinanceManagement.DOMAIN.csproj", "{92C9C995-B073-4050-8A37-A1C753DDE6D7}"
EndProject
Global
	GlobalSection(SolutionConfigurationPlatforms) = preSolution
		Debug|Any CPU = Debug|Any CPU
		Release|Any CPU = Release|Any CPU
	EndGlobalSection
	GlobalSection(ProjectConfigurationPlatforms) = postSolution
		{267433B5-EC26-4038-A1D5-15E5F5C42A3E}.Debug|Any CPU.ActiveCfg = Debug|Any CPU
		{267433B5-EC26-4038-A1D5-15E5F5C42A3E}.Debug|Any CPU.Build.0 = Debug|Any CPU
		{267433B5-EC26-4038-A1D5-15E5F5C42A3E}.Release|Any CPU.ActiveCfg = Release|Any CPU
		{267433B5-EC26-4038-A1D5-15E5F5C42A3E}.Release|Any CPU.Build.0 = Release|Any CPU
		{1665CDE3-E9FC-4E6D-8ADB-02431F713EB8}.Debug|Any CPU.ActiveCfg = Debug|Any CPU
		{1665CDE3-E9FC-4E6D-8ADB-02431F713EB8}.Debug|Any CPU.Build.0 = Debug|Any CPU
		{1665CDE3-E9FC-4E6D-8ADB-02431F713EB8}.Release|Any CPU.ActiveCfg = Release|Any CPU
		{1665CDE3-E9FC-4E6D-8ADB-02431F713EB8}.Release|Any CPU.Build.0 = Release|Any CPU
		{92C9C995-B073-4050-8A37-A1C753DDE6D7}.Debug|Any CPU.ActiveCfg = Debug|Any CPU
		{92C9C995-B073-4050-8A37-A1C753DDE6D7}.Debug|Any CPU.Build.0 = Debug|Any CPU
		{92C9C995-B073-4050-8A37-A1C753DDE6D7}.Release|Any CPU.ActiveCfg = Release|Any CPU
		{92C9C995-B073-4050-8A37-A1C753DDE6D7}.Release|Any CPU.Build.0 = Release|Any CPU
	EndGlobalSection
	GlobalSection(SolutionProperties) = preSolution
		HideSolutionNode = FALSE
	EndGlobalSection
	GlobalSection(ExtensibilityGlobals) = postSolution
		SolutionGuid = {CB21615F-7F56-46C6-B0F2-843146C1C832}
	EndGlobalSection
EndGlobal
